{
  "name": "@martin-ro/clickup-axi",
  "version": "0.1.0",
  "lockfileVersion": 3,
  "requires": true,
  "packages": {
    "": {
      "name": "@martin-ro/clickup-axi",
      "version": "0.1.0",
      "bin": {
        "clickup-axi": "bin/clickup-axi.js"
      },
      "engines": {
        "node": ">=22"
      }
    }
  }
}
